// !$*UTF8*$!
{
	archiveVersion = 1;
	classes = {
	};
	objectVersion = 77;
	objects = {

/* Begin PBXBuildFile section */
		632218BE2EBCF6720077C1E9 /* WidgetKit.framework in Frameworks */ = {isa = PBXBuildFile; fileRef = 63AF53582EBBD52B0090C44B /* WidgetKit.framework */; };
		632218BF2EBCF6720077C1E9 /* SwiftUI.framework in Frameworks */ = {isa = PBXBuildFile; fileRef = 63AF535A2EBBD52B0090C44B /* SwiftUI.framework */; };
		632218D02EBCF6730077C1E9 /* MyskyWidgetExtension.appex in Embed Foundation Extensions */ = {isa = PBXBuildFile; fileRef = 632218BD2EBCF6720077C1E9 /* MyskyWidgetExtension.appex */; settings = {ATTRIBUTES = (RemoveHeadersOnCopy, ); }; };
		63502D6D2EA1AB4100D830F8 /* AuthenticationServices.framework in Frameworks */ = {isa = PBXBuildFile; fileRef = 63502D6C2EA1AB4100D830F8 /* AuthenticationServices.framework */; };
		63502D772EA1AB4200D830F8 /* com.Myskyapp.appex in Embed Foundation Extensions */ = {isa = PBXBuildFile; fileRef = 63502D6A2EA1AB4100D830F8 /* com.Myskyapp.appex */; settings = {ATTRIBUTES = (RemoveHeadersOnCopy, ); }; };
/* End PBXBuildFile section */

/* Begin PBXContainerItemProxy section */
		632218CE2EBCF6730077C1E9 /* PBXContainerItemProxy */ = {
			isa = PBXContainerItemProxy;
			containerPortal = 630E20222EA1786A00B3488E /* Project object */;
			proxyType = 1;
			remoteGlobalIDString = 632218BC2EBCF6720077C1E9;
			remoteInfo = MyskyWidgetExtension;
		};
		63502D752EA1AB4200D830F8 /* PBXContainerItemProxy */ = {
			isa = PBXContainerItemProxy;
			containerPortal = 630E20222EA1786A00B3488E /* Project object */;
			proxyType = 1;
			remoteGlobalIDString = 63502D692EA1AB4100D830F8;
			remoteInfo = com.Myskyapp;
		};
/* End PBXContainerItemProxy section */

/* Begin PBXCopyFilesBuildPhase section */
		63502D652EA1A96600D830F8 /* Embed ExtensionKit Extensions */ = {
			isa = PBXCopyFilesBuildPhase;
			buildActionMask = 2147483647;
			dstPath = "$(EXTENSIONS_FOLDER_PATH)";
			dstSubfolderSpec = 16;
			files = (
			);
			name = "Embed ExtensionKit Extensions";
			runOnlyForDeploymentPostprocessing = 0;
		};
		63502D7C2EA1AB4200D830F8 /* Embed Foundation Extensions */ = {
			isa = PBXCopyFilesBuildPhase;
			buildActionMask = 2147483647;
			dstPath = "";
			dstSubfolderSpec = 13;
			files = (
				632218D02EBCF6730077C1E9 /* MyskyWidgetExtension.appex in Embed Foundation Extensions */,
				63502D772EA1AB4200D830F8 /* com.Myskyapp.appex in Embed Foundation Extensions */,
			);
			name = "Embed Foundation Extensions";
			runOnlyForDeploymentPostprocessing = 0;
		};
/* End PBXCopyFilesBuildPhase section */

/* Begin PBXFileReference section */
		630E202A2EA1786A00B3488E /* Mysky.app */ = {isa = PBXFileReference; explicitFileType = wrapper.application; includeInIndex = 0; path = Mysky.app; sourceTree = BUILT_PRODUCTS_DIR; };
		632218BD2EBCF6720077C1E9 /* MyskyWidgetExtension.appex */ = {isa = PBXFileReference; explicitFileType = "wrapper.app-extension"; includeInIndex = 0; path = MyskyWidgetExtension.appex; sourceTree = BUILT_PRODUCTS_DIR; };
		632218D52EBCF6800077C1E9 /* MyskyWidgetExtension.entitlements */ = {isa = PBXFileReference; lastKnownFileType = text.plist.entitlements; path = MyskyWidgetExtension.entitlements; sourceTree = "<group>"; };
		63502D6A2EA1AB4100D830F8 /* com.Myskyapp.appex */ = {isa = PBXFileReference; explicitFileType = "wrapper.app-extension"; includeInIndex = 0; path = com.Myskyapp.appex; sourceTree = BUILT_PRODUCTS_DIR; };
		63502D6C2EA1AB4100D830F8 /* AuthenticationServices.framework */ = {isa = PBXFileReference; lastKnownFileType = wrapper.framework; name = AuthenticationServices.framework; path = System/Library/Frameworks/AuthenticationServices.framework; sourceTree = SDKROOT; };
		63AF53582EBBD52B0090C44B /* WidgetKit.framework */ = {isa = PBXFileReference; lastKnownFileType = wrapper.framework; name = WidgetKit.framework; path = System/Library/Frameworks/WidgetKit.framework; sourceTree = SDKROOT; };
		63AF535A2EBBD52B0090C44B /* SwiftUI.framework */ = {isa = PBXFileReference; lastKnownFileType = wrapper.framework; name = SwiftUI.framework; path = System/Library/Frameworks/SwiftUI.framework; sourceTree = SDKROOT; };
/* End PBXFileReference section */

/* Begin PBXFileSystemSynchronizedBuildFileExceptionSet section */
		632218D42EBCF6730077C1E9 /* Exceptions for "MyskyWidget" folder in "MyskyWidgetExtension" target */ = {
			isa = PBXFileSystemSynchronizedBuildFileExceptionSet;
			membershipExceptions = (
				Info.plist,
			);
			target = 632218BC2EBCF6720077C1E9 /* MyskyWidgetExtension */;
		};
		63502D782EA1AB4200D830F8 /* Exceptions for "com.Myskyapp" folder in "com.Myskyapp" target */ = {
			isa = PBXFileSystemSynchronizedBuildFileExceptionSet;
			membershipExceptions = (
				Info.plist,
			);
			platformFiltersByRelativePath = {
				Assets.xcassets = (ios, );
			};
			target = 63502D692EA1AB4100D830F8 /* com.Myskyapp */;
		};
		636AA8042EA4FC350053B4F6 /* Exceptions for "com.Myskyapp" folder in "Mysky" target */ = {
			isa = PBXFileSystemSynchronizedBuildFileExceptionSet;
			membershipExceptions = (
				Assets.xcassets,
			);
			target = 630E20292EA1786A00B3488E /* Mysky */;
		};
		63AF53772EBCDF290090C44B /* Exceptions for "Mysky" folder in "Mysky" target */ = {
			isa = PBXFileSystemSynchronizedBuildFileExceptionSet;
			membershipExceptions = (
				Info.plist,
			);
			target = 630E20292EA1786A00B3488E /* Mysky */;
		};
/* End PBXFileSystemSynchronizedBuildFileExceptionSet section */

/* Begin PBXFileSystemSynchronizedRootGroup section */
		630E202C2EA1786A00B3488E /* Mysky */ = {
			isa = PBXFileSystemSynchronizedRootGroup;
			exceptions = (
				63AF53772EBCDF290090C44B /* Exceptions for "Mysky" folder in "Mysky" target */,
			);
			path = Mysky;
			sourceTree = "<group>";
		};
		632218C02EBCF6720077C1E9 /* MyskyWidget */ = {
			isa = PBXFileSystemSynchronizedRootGroup;
			exceptions = (
				632218D42EBCF6730077C1E9 /* Exceptions for "MyskyWidget" folder in "MyskyWidgetExtension" target */,
			);
			path = MyskyWidget;
			sourceTree = "<group>";
		};
		63502D6E2EA1AB4100D830F8 /* com.Myskyapp */ = {
			isa = PBXFileSystemSynchronizedRootGroup;
			exceptions = (
				636AA8042EA4FC350053B4F6 /* Exceptions for "com.Myskyapp" folder in "Mysky" target */,
				63502D782EA1AB4200D830F8 /* Exceptions for "com.Myskyapp" folder in "com.Myskyapp" target */,
			);
			path = com.Myskyapp;
			sourceTree = "<group>";
		};
/* End PBXFileSystemSynchronizedRootGroup section */

/* Begin PBXFrameworksBuildPhase section */
		630E20272EA1786A00B3488E /* Frameworks */ = {
			isa = PBXFrameworksBuildPhase;
			buildActionMask = 2147483647;
			files = (
			);
			runOnlyForDeploymentPostprocessing = 0;
		};
		632218BA2EBCF6720077C1E9 /* Frameworks */ = {
			isa = PBXFrameworksBuildPhase;
			buildActionMask = 2147483647;
			files = (
				632218BF2EBCF6720077C1E9 /* SwiftUI.framework in Frameworks */,
				632218BE2EBCF6720077C1E9 /* WidgetKit.framework in Frameworks */,
			);
			runOnlyForDeploymentPostprocessing = 0;
		};
		63502D672EA1AB4100D830F8 /* Frameworks */ = {
			isa = PBXFrameworksBuildPhase;
			buildActionMask = 2147483647;
			files = (
				63502D6D2EA1AB4100D830F8 /* AuthenticationServices.framework in Frameworks */,
			);
			runOnlyForDeploymentPostprocessing = 0;
		};
/* End PBXFrameworksBuildPhase section */

/* Begin PBXGroup section */
		630E20212EA1786A00B3488E = {
			isa = PBXGroup;
			children = (
				632218D52EBCF6800077C1E9 /* MyskyWidgetExtension.entitlements */,
				630E202C2EA1786A00B3488E /* Mysky */,
				63502D6E2EA1AB4100D830F8 /* com.Myskyapp */,
				632218C02EBCF6720077C1E9 /* MyskyWidget */,
				63502D6B2EA1AB4100D830F8 /* Frameworks */,
				630E202B2EA1786A00B3488E /* Products */,
			);
			sourceTree = "<group>";
		};
		630E202B2EA1786A00B3488E /* Products */ = {
			isa = PBXGroup;
			children = (
				630E202A2EA1786A00B3488E /* Mysky.app */,
				63502D6A2EA1AB4100D830F8 /* com.Myskyapp.appex */,
				632218BD2EBCF6720077C1E9 /* MyskyWidgetExtension.appex */,
			);
			name = Products;
			sourceTree = "<group>";
		};
		63502D6B2EA1AB4100D830F8 /* Frameworks */ = {
			isa = PBXGroup;
			children = (
				63502D6C2EA1AB4100D830F8 /* AuthenticationServices.framework */,
				63AF53582EBBD52B0090C44B /* WidgetKit.framework */,
				63AF535A2EBBD52B0090C44B /* SwiftUI.framework */,
			);
			name = Frameworks;
			sourceTree = "<group>";
		};
/* End PBXGroup section */

/* Begin PBXNativeTarget section */
		630E20292EA1786A00B3488E /* Mysky */ = {
			isa = PBXNativeTarget;
			buildConfigurationList = 630E20352EA1786B00B3488E /* Build configuration list for PBXNativeTarget "Mysky" */;
			buildPhases = (
				630E20262EA1786A00B3488E /* Sources */,
				630E20272EA1786A00B3488E /* Frameworks */,
				630E20282EA1786A00B3488E /* Resources */,
				63502D652EA1A96600D830F8 /* Embed ExtensionKit Extensions */,
				63502D7C2EA1AB4200D830F8 /* Embed Foundation Extensions */,
			);
			buildRules = (
			);
			dependencies = (
				63502D762EA1AB4200D830F8 /* PBXTargetDependency */,
				632218CF2EBCF6730077C1E9 /* PBXTargetDependency */,
			);
			fileSystemSynchronizedGroups = (
				630E202C2EA1786A00B3488E /* Mysky */,
			);
			name = Mysky;
			packageProductDependencies = (
			);
			productName = Mysky;
			productReference = 630E202A2EA1786A00B3488E /* Mysky.app */;
			productType = "com.apple.product-type.application";
		};
		632218BC2EBCF6720077C1E9 /* MyskyWidgetExtension */ = {
			isa = PBXNativeTarget;
			buildConfigurationList = 632218D12EBCF6730077C1E9 /* Build configuration list for PBXNativeTarget "MyskyWidgetExtension" */;
			buildPhases = (
				632218B92EBCF6720077C1E9 /* Sources */,
				632218BA2EBCF6720077C1E9 /* Frameworks */,
				632218BB2EBCF6720077C1E9 /* Resources */,
			);
			buildRules = (
			);
			dependencies = (
			);
			fileSystemSynchronizedGroups = (
				632218C02EBCF6720077C1E9 /* MyskyWidget */,
			);
			name = MyskyWidgetExtension;
			packageProductDependencies = (
			);
			productName = MyskyWidgetExtension;
			productReference = 632218BD2EBCF6720077C1E9 /* MyskyWidgetExtension.appex */;
			productType = "com.apple.product-type.app-extension";
		};
		63502D692EA1AB4100D830F8 /* com.Myskyapp */ = {
			isa = PBXNativeTarget;
			buildConfigurationList = 63502D792EA1AB4200D830F8 /* Build configuration list for PBXNativeTarget "com.Myskyapp" */;
			buildPhases = (
				63502D662EA1AB4100D830F8 /* Sources */,
				63502D672EA1AB4100D830F8 /* Frameworks */,
				63502D682EA1AB4100D830F8 /* Resources */,
			);
			buildRules = (
			);
			dependencies = (
			);
			fileSystemSynchronizedGroups = (
				63502D6E2EA1AB4100D830F8 /* com.Myskyapp */,
			);
			name = com.Myskyapp;
			packageProductDependencies = (
			);
			productName = com.Myskyapp;
			productReference = 63502D6A2EA1AB4100D830F8 /* com.Myskyapp.appex */;
			productType = "com.apple.product-type.app-extension";
		};
/* End PBXNativeTarget section */

/* Begin PBXProject section */
		630E20222EA1786A00B3488E /* Project object */ = {
			isa = PBXProject;
			attributes = {
				BuildIndependentTargetsInParallel = 1;
				LastSwiftUpdateCheck = 2600;
				LastUpgradeCheck = 2600;
				TargetAttributes = {
					630E20292EA1786A00B3488E = {
						CreatedOnToolsVersion = 26.0.1;
					};
					632218BC2EBCF6720077C1E9 = {
						CreatedOnToolsVersion = 26.0.1;
					};
					63502D692EA1AB4100D830F8 = {
						CreatedOnToolsVersion = 26.0.1;
					};
				};
			};
			buildConfigurationList = 630E20252EA1786A00B3488E /* Build configuration list for PBXProject "Mysky" */;
			developmentRegion = en;
			hasScannedForEncodings = 0;
			knownRegions = (
				en,
				Base,
			);
			mainGroup = 630E20212EA1786A00B3488E;
			minimizedProjectReferenceProxies = 1;
			preferredProjectObjectVersion = 77;
			productRefGroup = 630E202B2EA1786A00B3488E /* Products */;
			projectDirPath = "";
			projectRoot = "";
			targets = (
				630E20292EA1786A00B3488E /* Mysky */,
				63502D692EA1AB4100D830F8 /* com.Myskyapp */,
				632218BC2EBCF6720077C1E9 /* MyskyWidgetExtension */,
			);
		};
/* End PBXProject section */

/* Begin PBXResourcesBuildPhase section */
		630E20282EA1786A00B3488E /* Resources */ = {
			isa = PBXResourcesBuildPhase;
			buildActionMask = 2147483647;
			files = (
			);
			runOnlyForDeploymentPostprocessing = 0;
		};
		632218BB2EBCF6720077C1E9 /* Resources */ = {
			isa = PBXResourcesBuildPhase;
			buildActionMask = 2147483647;
			files = (
			);
			runOnlyForDeploymentPostprocessing = 0;
		};
		63502D682EA1AB4100D830F8 /* Resources */ = {
			isa = PBXResourcesBuildPhase;
			buildActionMask = 2147483647;
			files = (
			);
			runOnlyForDeploymentPostprocessing = 0;
		};
/* End PBXResourcesBuildPhase section */

/* Begin PBXSourcesBuildPhase section */
		630E20262EA1786A00B3488E /* Sources */ = {
			isa = PBXSourcesBuildPhase;
			buildActionMask = 2147483647;
			files = (
			);
			runOnlyForDeploymentPostprocessing = 0;
		};
		632218B92EBCF6720077C1E9 /* Sources */ = {
			isa = PBXSourcesBuildPhase;
			buildActionMask = 2147483647;
			files = (
			);
			runOnlyForDeploymentPostprocessing = 0;
		};
		63502D662EA1AB4100D830F8 /* Sources */ = {
			isa = PBXSourcesBuildPhase;
			buildActionMask = 2147483647;
			files = (
			);
			runOnlyForDeploymentPostprocessing = 0;
		};
/* End PBXSourcesBuildPhase section */

/* Begin PBXTargetDependency section */
		632218CF2EBCF6730077C1E9 /* PBXTargetDependency */ = {
			isa = PBXTargetDependency;
			target = 632218BC2EBCF6720077C1E9 /* MyskyWidgetExtension */;
			targetProxy = 632218CE2EBCF6730077C1E9 /* PBXContainerItemProxy */;
		};
		63502D762EA1AB4200D830F8 /* PBXTargetDependency */ = {
			isa = PBXTargetDependency;
			target = 63502D692EA1AB4100D830F8 /* com.Myskyapp */;
			targetProxy = 63502D752EA1AB4200D830F8 /* PBXContainerItemProxy */;
		};
/* End PBXTargetDependency section */

/* Begin XCBuildConfiguration section */
		630E20332EA1786B00B3488E /* Debug */ = {
			isa = XCBuildConfiguration;
			buildSettings = {
				ALWAYS_SEARCH_USER_PATHS = NO;
				ASSETCATALOG_COMPILER_GENERATE_SWIFT_ASSET_SYMBOL_EXTENSIONS = YES;
				CLANG_ANALYZER_NONNULL = YES;
				CLANG_ANALYZER_NUMBER_OBJECT_CONVERSION = YES_AGGRESSIVE;
				CLANG_CXX_LANGUAGE_STANDARD = "gnu++20";
				CLANG_ENABLE_MODULES = YES;
				CLANG_ENABLE_OBJC_ARC = YES;
				CLANG_ENABLE_OBJC_WEAK = YES;
				CLANG_WARN_BLOCK_CAPTURE_AUTORELEASING = YES;
				CLANG_WARN_BOOL_CONVERSION = YES;
				CLANG_WARN_COMMA = YES;
				CLANG_WARN_CONSTANT_CONVERSION = YES;
				CLANG_WARN_DEPRECATED_OBJC_IMPLEMENTATIONS = YES;
				CLANG_WARN_DIRECT_OBJC_ISA_USAGE = YES_ERROR;
				CLANG_WARN_DOCUMENTATION_COMMENTS = YES;
				CLANG_WARN_EMPTY_BODY = YES;
				CLANG_WARN_ENUM_CONVERSION = YES;
				CLANG_WARN_INFINITE_RECURSION = YES;
				CLANG_WARN_INT_CONVERSION = YES;
				CLANG_WARN_NON_LITERAL_NULL_CONVERSION = YES;
				CLANG_WARN_OBJC_IMPLICIT_RETAIN_SELF = YES;
				CLANG_WARN_OBJC_LITERAL_CONVERSION = YES;
				CLANG_WARN_OBJC_ROOT_CLASS = YES_ERROR;
				CLANG_WARN_QUOTED_INCLUDE_IN_FRAMEWORK_HEADER = YES;
				CLANG_WARN_RANGE_LOOP_ANALYSIS = YES;
				CLANG_WARN_STRICT_PROTOTYPES = YES;
				CLANG_WARN_SUSPICIOUS_MOVE = YES;
				CLANG_WARN_UNGUARDED_AVAILABILITY = YES_AGGRESSIVE;
				CLANG_WARN_UNREACHABLE_CODE = YES;
				CLANG_WARN__DUPLICATE_METHOD_MATCH = YES;
				COPY_PHASE_STRIP = NO;
				DEBUG_INFORMATION_FORMAT = dwarf;
				ENABLE_STRICT_OBJC_MSGSEND = YES;
				ENABLE_TESTABILITY = YES;
				ENABLE_USER_SCRIPT_SANDBOXING = YES;
				GCC_C_LANGUAGE_STANDARD = gnu17;
				GCC_DYNAMIC_NO_PIC = NO;
				GCC_NO_COMMON_BLOCKS = YES;
				GCC_OPTIMIZATION_LEVEL = 0;
				GCC_PREPROCESSOR_DEFINITIONS = (
					"DEBUG=1",
					"$(inherited)",
				);
				GCC_WARN_64_TO_32_BIT_CONVERSION = YES;
				GCC_WARN_ABOUT_RETURN_TYPE = YES_ERROR;
				GCC_WARN_UNDECLARED_SELECTOR = YES;
				GCC_WARN_UNINITIALIZED_AUTOS = YES_AGGRESSIVE;
				GCC_WARN_UNUSED_FUNCTION = YES;
				GCC_WARN_UNUSED_VARIABLE = YES;
				IPHONEOS_DEPLOYMENT_TARGET = 26.0;
				LOCALIZATION_PREFERS_STRING_CATALOGS = YES;
				MTL_ENABLE_DEBUG_INFO = INCLUDE_SOURCE;
				MTL_FAST_MATH = YES;
				ONLY_ACTIVE_ARCH = YES;
				SDKROOT = iphoneos;
				SWIFT_ACTIVE_COMPILATION_CONDITIONS = "DEBUG $(inherited)";
				SWIFT_OPTIMIZATION_LEVEL = "-Onone";
			};
			name = Debug;
		};
		630E20342EA1786B00B3488E /* Release */ = {
			isa = XCBuildConfiguration;
			buildSettings = {
				ALWAYS_SEARCH_USER_PATHS = NO;
				ASSETCATALOG_COMPILER_GENERATE_SWIFT_ASSET_SYMBOL_EXTENSIONS = YES;
				CLANG_ANALYZER_NONNULL = YES;
				CLANG_ANALYZER_NUMBER_OBJECT_CONVERSION = YES_AGGRESSIVE;
				CLANG_CXX_LANGUAGE_STANDARD = "gnu++20";
				CLANG_ENABLE_MODULES = YES;
				CLANG_ENABLE_OBJC_ARC = YES;
				CLANG_ENABLE_OBJC_WEAK = YES;
				CLANG_WARN_BLOCK_CAPTURE_AUTORELEASING = YES;
				CLANG_WARN_BOOL_CONVERSION = YES;
				CLANG_WARN_COMMA = YES;
				CLANG_WARN_CONSTANT_CONVERSION = YES;
				CLANG_WARN_DEPRECATED_OBJC_IMPLEMENTATIONS = YES;
				CLANG_WARN_DIRECT_OBJC_ISA_USAGE = YES_ERROR;
				CLANG_WARN_DOCUMENTATION_COMMENTS = YES;
				CLANG_WARN_EMPTY_BODY = YES;
				CLANG_WARN_ENUM_CONVERSION = YES;
				CLANG_WARN_INFINITE_RECURSION = YES;
				CLANG_WARN_INT_CONVERSION = YES;
				CLANG_WARN_NON_LITERAL_NULL_CONVERSION = YES;
				CLANG_WARN_OBJC_IMPLICIT_RETAIN_SELF = YES;
				CLANG_WARN_OBJC_LITERAL_CONVERSION = YES;
				CLANG_WARN_OBJC_ROOT_CLASS = YES_ERROR;
				CLANG_WARN_QUOTED_INCLUDE_IN_FRAMEWORK_HEADER = YES;
				CLANG_WARN_RANGE_LOOP_ANALYSIS = YES;
				CLANG_WARN_STRICT_PROTOTYPES = YES;
				CLANG_WARN_SUSPICIOUS_MOVE = YES;
				CLANG_WARN_UNGUARDED_AVAILABILITY = YES_AGGRESSIVE;
				CLANG_WARN_UNREACHABLE_CODE = YES;
				CLANG_WARN__DUPLICATE_METHOD_MATCH = YES;
				COPY_PHASE_STRIP = NO;
				DEBUG_INFORMATION_FORMAT = "dwarf-with-dsym";
				ENABLE_NS_ASSERTIONS = NO;
				ENABLE_STRICT_OBJC_MSGSEND = YES;
				ENABLE_USER_SCRIPT_SANDBOXING = YES;
				GCC_C_LANGUAGE_STANDARD = gnu17;
				GCC_NO_COMMON_BLOCKS = YES;
				GCC_WARN_64_TO_32_BIT_CONVERSION = YES;
				GCC_WARN_ABOUT_RETURN_TYPE = YES_ERROR;
				GCC_WARN_UNDECLARED_SELECTOR = YES;
				GCC_WARN_UNINITIALIZED_AUTOS = YES_AGGRESSIVE;
				GCC_WARN_UNUSED_FUNCTION = YES;
				GCC_WARN_UNUSED_VARIABLE = YES;
				IPHONEOS_DEPLOYMENT_TARGET = 26.0;
				LOCALIZATION_PREFERS_STRING_CATALOGS = YES;
				MTL_ENABLE_DEBUG_INFO = NO;
				MTL_FAST_MATH = YES;
				SDKROOT = iphoneos;
				SWIFT_COMPILATION_MODE = wholemodule;
				VALIDATE_PRODUCT = YES;
			};
			name = Release;
		};
		630E20362EA1786B00B3488E /* Debug */ = {
			isa = XCBuildConfiguration;
			buildSettings = {
				ASSETCATALOG_COMPILER_APPICON_NAME = AppIcon;
				ASSETCATALOG_COMPILER_GLOBAL_ACCENT_COLOR_NAME = AccentColor;
				CODE_SIGN_ENTITLEMENTS = Mysky/Mysky.entitlements;
				CODE_SIGN_IDENTITY = "Apple Development";
				CODE_SIGN_STYLE = Automatic;
				CURRENT_PROJECT_VERSION = 1;
				DEVELOPMENT_TEAM = UC5XH3G26C;
				ENABLE_PREVIEWS = YES;
				GENERATE_INFOPLIST_FILE = YES;
				INFOPLIST_FILE = Mysky/Info.plist;
				INFOPLIST_KEY_UIApplicationSceneManifest_Generation = YES;
				INFOPLIST_KEY_UIApplicationSupportsIndirectInputEvents = YES;
				INFOPLIST_KEY_UILaunchScreen_Generation = YES;
				INFOPLIST_KEY_UISupportedInterfaceOrientations_iPad = "UIInterfaceOrientationPortrait UIInterfaceOrientationPortraitUpsideDown UIInterfaceOrientationLandscapeLeft UIInterfaceOrientationLandscapeRight";
				INFOPLIST_KEY_UISupportedInterfaceOrientations_iPhone = "UIInterfaceOrientationPortrait UIInterfaceOrientationLandscapeLeft UIInterfaceOrientationLandscapeRight";
				LD_RUNPATH_SEARCH_PATHS = (
					"$(inherited)",
					"@executable_path/Frameworks",
				);
				MARKETING_VERSION = 1.0;
				NEW_SETTING = "";
				PRODUCT_BUNDLE_IDENTIFIER = com.Myskyapp;
				PRODUCT_NAME = "$(TARGET_NAME)";
				PROVISIONING_PROFILE_SPECIFIER = "";
				STRING_CATALOG_GENERATE_SYMBOLS = YES;
				SWIFT_APPROACHABLE_CONCURRENCY = YES;
				SWIFT_DEFAULT_ACTOR_ISOLATION = MainActor;
				SWIFT_EMIT_LOC_STRINGS = YES;
				SWIFT_UPCOMING_FEATURE_MEMBER_IMPORT_VISIBILITY = YES;
				SWIFT_VERSION = 5.0;
				TARGETED_DEVICE_FAMILY = "1,2";
			};
			name = Debug;
		};
		630E20372EA1786B00B3488E /* Release */ = {
			isa = XCBuildConfiguration;
			buildSettings = {
				ASSETCATALOG_COMPILER_APPICON_NAME = AppIcon;
				ASSETCATALOG_COMPILER_GLOBAL_ACCENT_COLOR_NAME = AccentColor;
				CODE_SIGN_ENTITLEMENTS = Mysky/MyskyRelease.entitlements;
				CODE_SIGN_IDENTITY = "Apple Development";
				CODE_SIGN_STYLE = Automatic;
				CURRENT_PROJECT_VERSION = 1;
				DEVELOPMENT_TEAM = UC5XH3G26C;
				ENABLE_PREVIEWS = YES;
				GENERATE_INFOPLIST_FILE = YES;
				INFOPLIST_FILE = Mysky/Info.plist;
				INFOPLIST_KEY_UIApplicationSceneManifest_Generation = YES;
				INFOPLIST_KEY_UIApplicationSupportsIndirectInputEvents = YES;
				INFOPLIST_KEY_UILaunchScreen_Generation = YES;
				INFOPLIST_KEY_UISupportedInterfaceOrientations_iPad = "UIInterfaceOrientationPortrait UIInterfaceOrientationPortraitUpsideDown UIInterfaceOrientationLandscapeLeft UIInterfaceOrientationLandscapeRight";
				INFOPLIST_KEY_UISupportedInterfaceOrientations_iPhone = "UIInterfaceOrientationPortrait UIInterfaceOrientationLandscapeLeft UIInterfaceOrientationLandscapeRight";
				LD_RUNPATH_SEARCH_PATHS = (
					"$(inherited)",
					"@executable_path/Frameworks",
				);
				MARKETING_VERSION = 1.0;
				NEW_SETTING = "";
				PRODUCT_BUNDLE_IDENTIFIER = com.Myskyapp;
				PRODUCT_NAME = "$(TARGET_NAME)";
				PROVISIONING_PROFILE_SPECIFIER = "";
				STRING_CATALOG_GENERATE_SYMBOLS = YES;
				SWIFT_APPROACHABLE_CONCURRENCY = YES;
				SWIFT_DEFAULT_ACTOR_ISOLATION = MainActor;
				SWIFT_EMIT_LOC_STRINGS = YES;
				SWIFT_UPCOMING_FEATURE_MEMBER_IMPORT_VISIBILITY = YES;
				SWIFT_VERSION = 5.0;
				TARGETED_DEVICE_FAMILY = "1,2";
			};
			name = Release;
		};
		632218D22EBCF6730077C1E9 /* Debug */ = {
			isa = XCBuildConfiguration;
			buildSettings = {
				ASSETCATALOG_COMPILER_GLOBAL_ACCENT_COLOR_NAME = AccentColor;
				ASSETCATALOG_COMPILER_WIDGET_BACKGROUND_COLOR_NAME = WidgetBackground;
				CODE_SIGN_ENTITLEMENTS = MyskyWidgetExtension.entitlements;
				CODE_SIGN_IDENTITY = "Apple Development";
				CODE_SIGN_STYLE = Automatic;
				CURRENT_PROJECT_VERSION = 1;
				DEVELOPMENT_TEAM = UC5XH3G26C;
				GENERATE_INFOPLIST_FILE = YES;
				INFOPLIST_FILE = MyskyWidget/Info.plist;
				INFOPLIST_KEY_CFBundleDisplayName = MyskyWidget;
				INFOPLIST_KEY_NSHumanReadableCopyright = "";
				LD_RUNPATH_SEARCH_PATHS = (
					"$(inherited)",
					"@executable_path/Frameworks",
					"@executable_path/../../Frameworks",
				);
				MARKETING_VERSION = 1.0;
				PRODUCT_BUNDLE_IDENTIFIER = com.Myskyapp.MyskyWidget;
				PRODUCT_NAME = "$(TARGET_NAME)";
				SKIP_INSTALL = YES;
				STRING_CATALOG_GENERATE_SYMBOLS = YES;
				SWIFT_APPROACHABLE_CONCURRENCY = YES;
				SWIFT_EMIT_LOC_STRINGS = YES;
				SWIFT_UPCOMING_FEATURE_MEMBER_IMPORT_VISIBILITY = YES;
				SWIFT_VERSION = 5.0;
				TARGETED_DEVICE_FAMILY = "1,2";
			};
			name = Debug;
		};
		632218D32EBCF6730077C1E9 /* Release */ = {
			isa = XCBuildConfiguration;
			buildSettings = {
				ASSETCATALOG_COMPILER_GLOBAL_ACCENT_COLOR_NAME = AccentColor;
				ASSETCATALOG_COMPILER_WIDGET_BACKGROUND_COLOR_NAME = WidgetBackground;
				CODE_SIGN_ENTITLEMENTS = MyskyWidgetExtension.entitlements;
				CODE_SIGN_IDENTITY = "Apple Development";
				CODE_SIGN_STYLE = Automatic;
				CURRENT_PROJECT_VERSION = 1;
				DEVELOPMENT_TEAM = UC5XH3G26C;
				GENERATE_INFOPLIST_FILE = YES;
				INFOPLIST_FILE = MyskyWidget/Info.plist;
				INFOPLIST_KEY_CFBundleDisplayName = MyskyWidget;
				INFOPLIST_KEY_NSHumanReadableCopyright = "";
				LD_RUNPATH_SEARCH_PATHS = (
					"$(inherited)",
					"@executable_path/Frameworks",
					"@executable_path/../../Frameworks",
				);
				MARKETING_VERSION = 1.0;
				PRODUCT_BUNDLE_IDENTIFIER = com.Myskyapp.MyskyWidget;
				PRODUCT_NAME = "$(TARGET_NAME)";
				SKIP_INSTALL = YES;
				STRING_CATALOG_GENERATE_SYMBOLS = YES;
				SWIFT_APPROACHABLE_CONCURRENCY = YES;
				SWIFT_EMIT_LOC_STRINGS = YES;
				SWIFT_UPCOMING_FEATURE_MEMBER_IMPORT_VISIBILITY = YES;
				SWIFT_VERSION = 5.0;
				TARGETED_DEVICE_FAMILY = "1,2";
			};
			name = Release;
		};
		63502D7A2EA1AB4200D830F8 /* Debug */ = {
			isa = XCBuildConfiguration;
			buildSettings = {
				CODE_SIGN_ENTITLEMENTS = com.Myskyapp/com.Myskyapp.entitlements;
				CODE_SIGN_IDENTITY = "Apple Development";
				CODE_SIGN_STYLE = Automatic;
				CURRENT_PROJECT_VERSION = 1;
				DEVELOPMENT_TEAM = UC5XH3G26C;
				GENERATE_INFOPLIST_FILE = YES;
				INFOPLIST_FILE = com.Myskyapp/Info.plist;
				INFOPLIST_KEY_CFBundleDisplayName = com.Myskyapp;
				INFOPLIST_KEY_NSHumanReadableCopyright = "";
				LD_RUNPATH_SEARCH_PATHS = (
					"$(inherited)",
					"@executable_path/Frameworks",
					"@executable_path/../../Frameworks",
				);
				MARKETING_VERSION = 1.0;
				PRODUCT_BUNDLE_IDENTIFIER = "com.Myskyapp.com-Myskyapp";
				PRODUCT_NAME = "$(TARGET_NAME)";
				PROVISIONING_PROFILE_SPECIFIER = "";
				SKIP_INSTALL = YES;
				STRING_CATALOG_GENERATE_SYMBOLS = YES;
				SWIFT_APPROACHABLE_CONCURRENCY = YES;
				SWIFT_EMIT_LOC_STRINGS = YES;
				SWIFT_UPCOMING_FEATURE_MEMBER_IMPORT_VISIBILITY = YES;
				SWIFT_VERSION = 5.0;
				TARGETED_DEVICE_FAMILY = "1,2";
			};
			name = Debug;
		};
		63502D7B2EA1AB4200D830F8 /* Release */ = {
			isa = XCBuildConfiguration;
			buildSettings = {
				CODE_SIGN_ENTITLEMENTS = com.Myskyapp/com.Myskyapp.entitlements;
				CODE_SIGN_IDENTITY = "Apple Development";
				CODE_SIGN_STYLE = Automatic;
				CURRENT_PROJECT_VERSION = 1;
				DEVELOPMENT_TEAM = UC5XH3G26C;
				GENERATE_INFOPLIST_FILE = YES;
				INFOPLIST_FILE = com.Myskyapp/Info.plist;
				INFOPLIST_KEY_CFBundleDisplayName = com.Myskyapp;
				INFOPLIST_KEY_NSHumanReadableCopyright = "";
				LD_RUNPATH_SEARCH_PATHS = (
					"$(inherited)",
					"@executable_path/Frameworks",
					"@executable_path/../../Frameworks",
				);
				MARKETING_VERSION = 1.0;
				PRODUCT_BUNDLE_IDENTIFIER = "com.Myskyapp.com-Myskyapp";
				PRODUCT_NAME = "$(TARGET_NAME)";
				PROVISIONING_PROFILE_SPECIFIER = "";
				SKIP_INSTALL = YES;
				STRING_CATALOG_GENERATE_SYMBOLS = YES;
				SWIFT_APPROACHABLE_CONCURRENCY = YES;
				SWIFT_EMIT_LOC_STRINGS = YES;
				SWIFT_UPCOMING_FEATURE_MEMBER_IMPORT_VISIBILITY = YES;
				SWIFT_VERSION = 5.0;
				TARGETED_DEVICE_FAMILY = "1,2";
			};
			name = Release;
		};
/* End XCBuildConfiguration section */

/* Begin XCConfigurationList section */
		630E20252EA1786A00B3488E /* Build configuration list for PBXProject "Mysky" */ = {
			isa = XCConfigurationList;
			buildConfigurations = (
				630E20332EA1786B00B3488E /* Debug */,
				630E20342EA1786B00B3488E /* Release */,
			);
			defaultConfigurationIsVisible = 0;
			defaultConfigurationName = Release;
		};
		630E20352EA1786B00B3488E /* Build configuration list for PBXNativeTarget "Mysky" */ = {
			isa = XCConfigurationList;
			buildConfigurations = (
				630E20362EA1786B00B3488E /* Debug */,
				630E20372EA1786B00B3488E /* Release */,
			);
			defaultConfigurationIsVisible = 0;
			defaultConfigurationName = Release;
		};
		632218D12EBCF6730077C1E9 /* Build configuration list for PBXNativeTarget "MyskyWidgetExtension" */ = {
			isa = XCConfigurationList;
			buildConfigurations = (
				632218D22EBCF6730077C1E9 /* Debug */,
				632218D32EBCF6730077C1E9 /* Release */,
			);
			defaultConfigurationIsVisible = 0;
			defaultConfigurationName = Release;
		};
		63502D792EA1AB4200D830F8 /* Build configuration list for PBXNativeTarget "com.Myskyapp" */ = {
			isa = XCConfigurationList;
			buildConfigurations = (
				63502D7A2EA1AB4200D830F8 /* Debug */,
				63502D7B2EA1AB4200D830F8 /* Release */,
			);
			defaultConfigurationIsVisible = 0;
			defaultConfigurationName = Release;
		};
/* End XCConfigurationList section */
	};
	rootObject = 630E20222EA1786A00B3488E /* Project object */;
}
